// !$*UTF8*$!
{
	archiveVersion = 1;
	classes = {
	};
	objectVersion = 50;
	objects = {

/* Begin PBXBuildFile section */
		660EC84323979ED10051A575 /* FavoritesVC.swift in Sources */ = {isa = PBXBuildFile; fileRef = 660EC84223979ED10051A575 /* FavoritesVC.swift */; };
		660EC84923979F440051A575 /* FavoritesViewModels.swift in Sources */ = {isa = PBXBuildFile; fileRef = 660EC84823979F440051A575 /* FavoritesViewModels.swift */; };
		660EC84F2397A2A70051A575 /* DetailVC.swift in Sources */ = {isa = PBXBuildFile; fileRef = 660EC84E2397A2A70051A575 /* DetailVC.swift */; };
		660EC8532397AA380051A575 /* DetailFavoritesVC.swift in Sources */ = {isa = PBXBuildFile; fileRef = 660EC8522397AA380051A575 /* DetailFavoritesVC.swift */; };
		660EC85623980A6E0051A575 /* Wi_Fi_Map.xcdatamodeld in Sources */ = {isa = PBXBuildFile; fileRef = 660EC85423980A6E0051A575 /* Wi_Fi_Map.xcdatamodeld */; };
		660EC85A2398FA210051A575 /* MOCity.swift in Sources */ = {isa = PBXBuildFile; fileRef = 660EC8592398FA210051A575 /* MOCity.swift */; };
		660EC85E239928840051A575 /* CheckNetwork.swift in Sources */ = {isa = PBXBuildFile; fileRef = 660EC85D239928840051A575 /* CheckNetwork.swift */; };
		660EC8602399873A0051A575 /* Media.xcassets in Resources */ = {isa = PBXBuildFile; fileRef = 660EC85F2399873A0051A575 /* Media.xcassets */; };
		66C14A2923958A5C00845B16 /* AppDelegate.swift in Sources */ = {isa = PBXBuildFile; fileRef = 66C14A2823958A5C00845B16 /* AppDelegate.swift */; };
		66C14A2E23958A5C00845B16 /* Main.storyboard in Resources */ = {isa = PBXBuildFile; fileRef = 66C14A2C23958A5C00845B16 /* Main.storyboard */; };
		66C14A3623958A5E00845B16 /* LaunchScreen.storyboard in Resources */ = {isa = PBXBuildFile; fileRef = 66C14A3423958A5E00845B16 /* LaunchScreen.storyboard */; };
		66C14A4123958A5E00845B16 /* FINAL_ProjectTests.swift in Sources */ = {isa = PBXBuildFile; fileRef = 66C14A4023958A5E00845B16 /* FINAL_ProjectTests.swift */; };
		66C14A4C23958AB500845B16 /* TabBar.swift in Sources */ = {isa = PBXBuildFile; fileRef = 66C14A4B23958AB500845B16 /* TabBar.swift */; };
		66C14A5423958C9200845B16 /* AddLocationVC.swift in Sources */ = {isa = PBXBuildFile; fileRef = 66C14A5323958C9200845B16 /* AddLocationVC.swift */; };
		66C14A56239590DF00845B16 /* AddLocationViewModel.swift in Sources */ = {isa = PBXBuildFile; fileRef = 66C14A55239590DF00845B16 /* AddLocationViewModel.swift */; };
		66C14A5A2395963D00845B16 /* AddLocationService.swift in Sources */ = {isa = PBXBuildFile; fileRef = 66C14A592395963D00845B16 /* AddLocationService.swift */; };
		66C14A5C2395977B00845B16 /* WifiEntity.swift in Sources */ = {isa = PBXBuildFile; fileRef = 66C14A5B2395977B00845B16 /* WifiEntity.swift */; };
		66C14A6223959B1B00845B16 /* CoreDataStack.swift in Sources */ = {isa = PBXBuildFile; fileRef = 66C14A5D23959B1B00845B16 /* CoreDataStack.swift */; };
		66C14A6323959B1B00845B16 /* MOFavorites.swift in Sources */ = {isa = PBXBuildFile; fileRef = 66C14A5E23959B1B00845B16 /* MOFavorites.swift */; };
		66C14A6423959B1B00845B16 /* MOLocation.swift in Sources */ = {isa = PBXBuildFile; fileRef = 66C14A5F23959B1B00845B16 /* MOLocation.swift */; };
		66C14A6623959B1B00845B16 /* FavoritesCDStack.swift in Sources */ = {isa = PBXBuildFile; fileRef = 66C14A6123959B1B00845B16 /* FavoritesCDStack.swift */; };
		66F520C9239BE1F9004EA799 /* ButtoBuilder.swift in Sources */ = {isa = PBXBuildFile; fileRef = 66F520C8239BE1F9004EA799 /* ButtoBuilder.swift */; };
		66F5FEE9239642BC00F2EBEB /* WiFiVC.swift in Sources */ = {isa = PBXBuildFile; fileRef = 66F5FEE8239642BC00F2EBEB /* WiFiVC.swift */; };
		66F5FEEB2396432400F2EBEB /* WiFiViewService.swift in Sources */ = {isa = PBXBuildFile; fileRef = 66F5FEEA2396432400F2EBEB /* WiFiViewService.swift */; };
		66F5FEED2396453500F2EBEB /* ChooseCityVC.swift in Sources */ = {isa = PBXBuildFile; fileRef = 66F5FEEC2396453500F2EBEB /* ChooseCityVC.swift */; };
		66F5FEEF23968C9600F2EBEB /* WiFiModel.swift in Sources */ = {isa = PBXBuildFile; fileRef = 66F5FEEE23968C9600F2EBEB /* WiFiModel.swift */; };
/* End PBXBuildFile section */

/* Begin PBXContainerItemProxy section */
		66C14A3D23958A5E00845B16 /* PBXContainerItemProxy */ = {
			isa = PBXContainerItemProxy;
			containerPortal = 66C14A1D23958A5C00845B16 /* Project object */;
			proxyType = 1;
			remoteGlobalIDString = 66C14A2423958A5C00845B16;
			remoteInfo = "FINAL Project";
		};
/* End PBXContainerItemProxy section */

/* Begin PBXFileReference section */
		660EC84223979ED10051A575 /* FavoritesVC.swift */ = {isa = PBXFileReference; lastKnownFileType = sourcecode.swift; path = FavoritesVC.swift; sourceTree = "<group>"; };
		660EC84823979F440051A575 /* FavoritesViewModels.swift */ = {isa = PBXFileReference; lastKnownFileType = sourcecode.swift; path = FavoritesViewModels.swift; sourceTree = "<group>"; };
		660EC84E2397A2A70051A575 /* DetailVC.swift */ = {isa = PBXFileReference; lastKnownFileType = sourcecode.swift; path = DetailVC.swift; sourceTree = "<group>"; };
		660EC8522397AA380051A575 /* DetailFavoritesVC.swift */ = {isa = PBXFileReference; lastKnownFileType = sourcecode.swift; path = DetailFavoritesVC.swift; sourceTree = "<group>"; };
		660EC85523980A6E0051A575 /* FINAL_Project.xcdatamodel */ = {isa = PBXFileReference; lastKnownFileType = wrapper.xcdatamodel; path = FINAL_Project.xcdatamodel; sourceTree = "<group>"; };
		660EC8592398FA210051A575 /* MOCity.swift */ = {isa = PBXFileReference; lastKnownFileType = sourcecode.swift; path = MOCity.swift; sourceTree = "<group>"; };
		660EC85D239928840051A575 /* CheckNetwork.swift */ = {isa = PBXFileReference; lastKnownFileType = sourcecode.swift; path = CheckNetwork.swift; sourceTree = "<group>"; };
		660EC85F2399873A0051A575 /* Media.xcassets */ = {isa = PBXFileReference; lastKnownFileType = folder.assetcatalog; path = Media.xcassets; sourceTree = "<group>"; };
		66C14A2523958A5C00845B16 /* FINAL Project.app */ = {isa = PBXFileReference; explicitFileType = wrapper.application; includeInIndex = 0; path = "FINAL Project.app"; sourceTree = BUILT_PRODUCTS_DIR; };
		66C14A2823958A5C00845B16 /* AppDelegate.swift */ = {isa = PBXFileReference; lastKnownFileType = sourcecode.swift; path = AppDelegate.swift; sourceTree = "<group>"; };
		66C14A2D23958A5C00845B16 /* Base */ = {isa = PBXFileReference; lastKnownFileType = file.storyboard; name = Base; path = Base.lproj/Main.storyboard; sourceTree = "<group>"; };
		66C14A3523958A5E00845B16 /* Base */ = {isa = PBXFileReference; lastKnownFileType = file.storyboard; name = Base; path = Base.lproj/LaunchScreen.storyboard; sourceTree = "<group>"; };
		66C14A3723958A5E00845B16 /* Info.plist */ = {isa = PBXFileReference; lastKnownFileType = text.plist.xml; path = Info.plist; sourceTree = "<group>"; };
		66C14A3C23958A5E00845B16 /* FINAL ProjectTests.xctest */ = {isa = PBXFileReference; explicitFileType = wrapper.cfbundle; includeInIndex = 0; path = "FINAL ProjectTests.xctest"; sourceTree = BUILT_PRODUCTS_DIR; };
		66C14A4023958A5E00845B16 /* FINAL_ProjectTests.swift */ = {isa = PBXFileReference; lastKnownFileType = sourcecode.swift; path = FINAL_ProjectTests.swift; sourceTree = "<group>"; };
		66C14A4223958A5E00845B16 /* Info.plist */ = {isa = PBXFileReference; lastKnownFileType = text.plist.xml; path = Info.plist; sourceTree = "<group>"; };
		66C14A4B23958AB500845B16 /* TabBar.swift */ = {isa = PBXFileReference; fileEncoding = 4; lastKnownFileType = sourcecode.swift; path = TabBar.swift; sourceTree = "<group>"; };
		66C14A5323958C9200845B16 /* AddLocationVC.swift */ = {isa = PBXFileReference; lastKnownFileType = sourcecode.swift; path = AddLocationVC.swift; sourceTree = "<group>"; };
		66C14A55239590DF00845B16 /* AddLocationViewModel.swift */ = {isa = PBXFileReference; lastKnownFileType = sourcecode.swift; path = AddLocationViewModel.swift; sourceTree = "<group>"; };
		66C14A592395963D00845B16 /* AddLocationService.swift */ = {isa = PBXFileReference; lastKnownFileType = sourcecode.swift; path = AddLocationService.swift; sourceTree = "<group>"; };
		66C14A5B2395977B00845B16 /* WifiEntity.swift */ = {isa = PBXFileReference; lastKnownFileType = sourcecode.swift; path = WifiEntity.swift; sourceTree = "<group>"; };
		66C14A5D23959B1B00845B16 /* CoreDataStack.swift */ = {isa = PBXFileReference; fileEncoding = 4; lastKnownFileType = sourcecode.swift; path = CoreDataStack.swift; sourceTree = "<group>"; };
		66C14A5E23959B1B00845B16 /* MOFavorites.swift */ = {isa = PBXFileReference; fileEncoding = 4; lastKnownFileType = sourcecode.swift; path = MOFavorites.swift; sourceTree = "<group>"; };
		66C14A5F23959B1B00845B16 /* MOLocation.swift */ = {isa = PBXFileReference; fileEncoding = 4; lastKnownFileType = sourcecode.swift; path = MOLocation.swift; sourceTree = "<group>"; };
		66C14A6123959B1B00845B16 /* FavoritesCDStack.swift */ = {isa = PBXFileReference; fileEncoding = 4; lastKnownFileType = sourcecode.swift; path = FavoritesCDStack.swift; sourceTree = "<group>"; };
		66F520C8239BE1F9004EA799 /* ButtoBuilder.swift */ = {isa = PBXFileReference; lastKnownFileType = sourcecode.swift; path = ButtoBuilder.swift; sourceTree = "<group>"; };
		66F5FEE8239642BC00F2EBEB /* WiFiVC.swift */ = {isa = PBXFileReference; lastKnownFileType = sourcecode.swift; path = WiFiVC.swift; sourceTree = "<group>"; };
		66F5FEEA2396432400F2EBEB /* WiFiViewService.swift */ = {isa = PBXFileReference; lastKnownFileType = sourcecode.swift; path = WiFiViewService.swift; sourceTree = "<group>"; };
		66F5FEEC2396453500F2EBEB /* ChooseCityVC.swift */ = {isa = PBXFileReference; lastKnownFileType = sourcecode.swift; path = ChooseCityVC.swift; sourceTree = "<group>"; };
		66F5FEEE23968C9600F2EBEB /* WiFiModel.swift */ = {isa = PBXFileReference; lastKnownFileType = sourcecode.swift; path = WiFiModel.swift; sourceTree = "<group>"; };
/* End PBXFileReference section */

/* Begin PBXFrameworksBuildPhase section */
		66C14A2223958A5C00845B16 /* Frameworks */ = {
			isa = PBXFrameworksBuildPhase;
			buildActionMask = 2147483647;
			files = (
			);
			runOnlyForDeploymentPostprocessing = 0;
		};
		66C14A3923958A5E00845B16 /* Frameworks */ = {
			isa = PBXFrameworksBuildPhase;
			buildActionMask = 2147483647;
			files = (
			);
			runOnlyForDeploymentPostprocessing = 0;
		};
/* End PBXFrameworksBuildPhase section */

/* Begin PBXGroup section */
		660EC84423979EEF0051A575 /* Favorites */ = {
			isa = PBXGroup;
			children = (
				660EC84623979EFD0051A575 /* Views */,
				660EC84523979EF80051A575 /* ViewModels */,
				660EC84723979F0C0051A575 /* Models */,
			);
			name = Favorites;
			sourceTree = "<group>";
		};
		660EC84523979EF80051A575 /* ViewModels */ = {
			isa = PBXGroup;
			children = (
				660EC84823979F440051A575 /* FavoritesViewModels.swift */,
			);
			name = ViewModels;
			sourceTree = "<group>";
		};
		660EC84623979EFD0051A575 /* Views */ = {
			isa = PBXGroup;
			children = (
				660EC84223979ED10051A575 /* FavoritesVC.swift */,
				660EC8522397AA380051A575 /* DetailFavoritesVC.swift */,
			);
			name = Views;
			sourceTree = "<group>";
		};
		660EC84723979F0C0051A575 /* Models */ = {
			isa = PBXGroup;
			children = (
			);
			name = Models;
			sourceTree = "<group>";
		};
		66C14A1C23958A5C00845B16 = {
			isa = PBXGroup;
			children = (
				66C14A2723958A5C00845B16 /* FINAL Project */,
				66C14A3F23958A5E00845B16 /* FINAL ProjectTests */,
				66C14A2623958A5C00845B16 /* Products */,
			);
			sourceTree = "<group>";
		};
		66C14A2623958A5C00845B16 /* Products */ = {
			isa = PBXGroup;
			children = (
				66C14A2523958A5C00845B16 /* FINAL Project.app */,
				66C14A3C23958A5E00845B16 /* FINAL ProjectTests.xctest */,
			);
			name = Products;
			sourceTree = "<group>";
		};
		66C14A2723958A5C00845B16 /* FINAL Project */ = {
			isa = PBXGroup;
			children = (
				66C14A2823958A5C00845B16 /* AppDelegate.swift */,
				66C14A4B23958AB500845B16 /* TabBar.swift */,
				660EC85D239928840051A575 /* CheckNetwork.swift */,
				66F520C8239BE1F9004EA799 /* ButtoBuilder.swift */,
				66C14A6723959B2700845B16 /* CoreData */,
				660EC84423979EEF0051A575 /* Favorites */,
				66F5FEE42396423800F2EBEB /* WiFiList */,
				66C14A4F23958C2200845B16 /* AddLocation */,
				66C14A2C23958A5C00845B16 /* Main.storyboard */,
				66C14A3423958A5E00845B16 /* LaunchScreen.storyboard */,
				660EC85423980A6E0051A575 /* Wi_Fi_Map.xcdatamodeld */,
				660EC85F2399873A0051A575 /* Media.xcassets */,
				66C14A3723958A5E00845B16 /* Info.plist */,
			);
			path = "FINAL Project";
			sourceTree = "<group>";
		};
		66C14A3F23958A5E00845B16 /* FINAL ProjectTests */ = {
			isa = PBXGroup;
			children = (
				66C14A4023958A5E00845B16 /* FINAL_ProjectTests.swift */,
				66C14A4223958A5E00845B16 /* Info.plist */,
			);
			path = "FINAL ProjectTests";
			sourceTree = "<group>";
		};
		66C14A4F23958C2200845B16 /* AddLocation */ = {
			isa = PBXGroup;
			children = (
				66C14A5123958C4C00845B16 /* Views */,
				66C14A5023958C3B00845B16 /* ViewModels */,
				66C14A5223958C6E00845B16 /* Models */,
			);
			name = AddLocation;
			sourceTree = "<group>";
		};
		66C14A5023958C3B00845B16 /* ViewModels */ = {
			isa = PBXGroup;
			children = (
				66C14A55239590DF00845B16 /* AddLocationViewModel.swift */,
			);
			path = ViewModels;
			sourceTree = "<group>";
		};
		66C14A5123958C4C00845B16 /* Views */ = {
			isa = PBXGroup;
			children = (
				66C14A5323958C9200845B16 /* AddLocationVC.swift */,
			);
			name = Views;
			sourceTree = "<group>";
		};
		66C14A5223958C6E00845B16 /* Models */ = {
			isa = PBXGroup;
			children = (
				66C14A592395963D00845B16 /* AddLocationService.swift */,
				66C14A5B2395977B00845B16 /* WifiEntity.swift */,
			);
			name = Models;
			sourceTree = "<group>";
		};
		66C14A6723959B2700845B16 /* CoreData */ = {
			isa = PBXGroup;
			children = (
				66C14A5D23959B1B00845B16 /* CoreDataStack.swift */,
				66C14A6123959B1B00845B16 /* FavoritesCDStack.swift */,
				66C14A5E23959B1B00845B16 /* MOFavorites.swift */,
				66C14A5F23959B1B00845B16 /* MOLocation.swift */,
				660EC8592398FA210051A575 /* MOCity.swift */,
			);
			name = CoreData;
			sourceTree = "<group>";
		};
		66F5FEE42396423800F2EBEB /* WiFiList */ = {
			isa = PBXGroup;
			children = (
				66F5FEE52396424B00F2EBEB /* Views */,
				66F5FEE62396425D00F2EBEB /* ViewModels */,
				66F5FEE72396428100F2EBEB /* Models */,
			);
			name = WiFiList;
			sourceTree = "<group>";
		};
		66F5FEE52396424B00F2EBEB /* Views */ = {
			isa = PBXGroup;
			children = (
				66F5FEE8239642BC00F2EBEB /* WiFiVC.swift */,
				66F5FEEC2396453500F2EBEB /* ChooseCityVC.swift */,
				660EC84E2397A2A70051A575 /* DetailVC.swift */,
			);
			name = Views;
			sourceTree = "<group>";
		};
		66F5FEE62396425D00F2EBEB /* ViewModels */ = {
			isa = PBXGroup;
			children = (
				66F5FEEA2396432400F2EBEB /* WiFiViewService.swift */,
			);
			name = ViewModels;
			sourceTree = "<group>";
		};
		66F5FEE72396428100F2EBEB /* Models */ = {
			isa = PBXGroup;
			children = (
				66F5FEEE23968C9600F2EBEB /* WiFiModel.swift */,
			);
			name = Models;
			sourceTree = "<group>";
		};
/* End PBXGroup section */

/* Begin PBXNativeTarget section */
		66C14A2423958A5C00845B16 /* FINAL Project */ = {
			isa = PBXNativeTarget;
			buildConfigurationList = 66C14A4523958A5E00845B16 /* Build configuration list for PBXNativeTarget "FINAL Project" */;
			buildPhases = (
				66C14A2123958A5C00845B16 /* Sources */,
				66C14A2223958A5C00845B16 /* Frameworks */,
				66C14A2323958A5C00845B16 /* Resources */,
			);
			buildRules = (
			);
			dependencies = (
			);
			name = "FINAL Project";
			productName = "FINAL Project";
			productReference = 66C14A2523958A5C00845B16 /* FINAL Project.app */;
			productType = "com.apple.product-type.application";
		};
		66C14A3B23958A5E00845B16 /* FINAL ProjectTests */ = {
			isa = PBXNativeTarget;
			buildConfigurationList = 66C14A4823958A5E00845B16 /* Build configuration list for PBXNativeTarget "FINAL ProjectTests" */;
			buildPhases = (
				66C14A3823958A5E00845B16 /* Sources */,
				66C14A3923958A5E00845B16 /* Frameworks */,
				66C14A3A23958A5E00845B16 /* Resources */,
			);
			buildRules = (
			);
			dependencies = (
				66C14A3E23958A5E00845B16 /* PBXTargetDependency */,
			);
			name = "FINAL ProjectTests";
			productName = "FINAL ProjectTests";
			productReference = 66C14A3C23958A5E00845B16 /* FINAL ProjectTests.xctest */;
			productType = "com.apple.product-type.bundle.unit-test";
		};
/* End PBXNativeTarget section */

/* Begin PBXProject section */
		66C14A1D23958A5C00845B16 /* Project object */ = {
			isa = PBXProject;
			attributes = {
				LastSwiftUpdateCheck = 1030;
				LastUpgradeCheck = 1030;
				ORGANIZATIONNAME = Katherine123;
				TargetAttributes = {
					66C14A2423958A5C00845B16 = {
						CreatedOnToolsVersion = 10.3;
					};
					66C14A3B23958A5E00845B16 = {
						CreatedOnToolsVersion = 10.3;
						TestTargetID = 66C14A2423958A5C00845B16;
					};
				};
			};
			buildConfigurationList = 66C14A2023958A5C00845B16 /* Build configuration list for PBXProject "FINAL Project" */;
			compatibilityVersion = "Xcode 9.3";
			developmentRegion = en;
			hasScannedForEncodings = 0;
			knownRegions = (
				en,
				Base,
			);
			mainGroup = 66C14A1C23958A5C00845B16;
			productRefGroup = 66C14A2623958A5C00845B16 /* Products */;
			projectDirPath = "";
			projectRoot = "";
			targets = (
				66C14A2423958A5C00845B16 /* FINAL Project */,
				66C14A3B23958A5E00845B16 /* FINAL ProjectTests */,
			);
		};
/* End PBXProject section */

/* Begin PBXResourcesBuildPhase section */
		66C14A2323958A5C00845B16 /* Resources */ = {
			isa = PBXResourcesBuildPhase;
			buildActionMask = 2147483647;
			files = (
				66C14A3623958A5E00845B16 /* LaunchScreen.storyboard in Resources */,
				660EC8602399873A0051A575 /* Media.xcassets in Resources */,
				66C14A2E23958A5C00845B16 /* Main.storyboard in Resources */,
			);
			runOnlyForDeploymentPostprocessing = 0;
		};
		66C14A3A23958A5E00845B16 /* Resources */ = {
			isa = PBXResourcesBuildPhase;
			buildActionMask = 2147483647;
			files = (
			);
			runOnlyForDeploymentPostprocessing = 0;
		};
/* End PBXResourcesBuildPhase section */

/* Begin PBXSourcesBuildPhase section */
		66C14A2123958A5C00845B16 /* Sources */ = {
			isa = PBXSourcesBuildPhase;
			buildActionMask = 2147483647;
			files = (
				66F520C9239BE1F9004EA799 /* ButtoBuilder.swift in Sources */,
				660EC85E239928840051A575 /* CheckNetwork.swift in Sources */,
				66F5FEED2396453500F2EBEB /* ChooseCityVC.swift in Sources */,
				66C14A2923958A5C00845B16 /* AppDelegate.swift in Sources */,
				66F5FEEF23968C9600F2EBEB /* WiFiModel.swift in Sources */,
				660EC84F2397A2A70051A575 /* DetailVC.swift in Sources */,
				66C14A6323959B1B00845B16 /* MOFavorites.swift in Sources */,
				66C14A6223959B1B00845B16 /* CoreDataStack.swift in Sources */,
				660EC8532397AA380051A575 /* DetailFavoritesVC.swift in Sources */,
				660EC84323979ED10051A575 /* FavoritesVC.swift in Sources */,
				66C14A6623959B1B00845B16 /* FavoritesCDStack.swift in Sources */,
				66C14A5A2395963D00845B16 /* AddLocationService.swift in Sources */,
				66C14A56239590DF00845B16 /* AddLocationViewModel.swift in Sources */,
				66C14A5423958C9200845B16 /* AddLocationVC.swift in Sources */,
				660EC85A2398FA210051A575 /* MOCity.swift in Sources */,
				660EC85623980A6E0051A575 /* Wi_Fi_Map.xcdatamodeld in Sources */,
				660EC84923979F440051A575 /* FavoritesViewModels.swift in Sources */,
				66F5FEE9239642BC00F2EBEB /* WiFiVC.swift in Sources */,
				66C14A4C23958AB500845B16 /* TabBar.swift in Sources */,
				66C14A6423959B1B00845B16 /* MOLocation.swift in Sources */,
				66F5FEEB2396432400F2EBEB /* WiFiViewService.swift in Sources */,
				66C14A5C2395977B00845B16 /* WifiEntity.swift in Sources */,
			);
			runOnlyForDeploymentPostprocessing = 0;
		};
		66C14A3823958A5E00845B16 /* Sources */ = {
			isa = PBXSourcesBuildPhase;
			buildActionMask = 2147483647;
			files = (
				66C14A4123958A5E00845B16 /* FINAL_ProjectTests.swift in Sources */,
			);
			runOnlyForDeploymentPostprocessing = 0;
		};
/* End PBXSourcesBuildPhase section */

/* Begin PBXTargetDependency section */
		66C14A3E23958A5E00845B16 /* PBXTargetDependency */ = {
			isa = PBXTargetDependency;
			target = 66C14A2423958A5C00845B16 /* FINAL Project */;
			targetProxy = 66C14A3D23958A5E00845B16 /* PBXContainerItemProxy */;
		};
/* End PBXTargetDependency section */

/* Begin PBXVariantGroup section */
		66C14A2C23958A5C00845B16 /* Main.storyboard */ = {
			isa = PBXVariantGroup;
			children = (
				66C14A2D23958A5C00845B16 /* Base */,
			);
			name = Main.storyboard;
			sourceTree = "<group>";
		};
		66C14A3423958A5E00845B16 /* LaunchScreen.storyboard */ = {
			isa = PBXVariantGroup;
			children = (
				66C14A3523958A5E00845B16 /* Base */,
			);
			name = LaunchScreen.storyboard;
			sourceTree = "<group>";
		};
/* End PBXVariantGroup section */

/* Begin XCBuildConfiguration section */
		66C14A4323958A5E00845B16 /* Debug */ = {
			isa = XCBuildConfiguration;
			buildSettings = {
				ALWAYS_SEARCH_USER_PATHS = NO;
				CLANG_ANALYZER_NONNULL = YES;
				CLANG_ANALYZER_NUMBER_OBJECT_CONVERSION = YES_AGGRESSIVE;
				CLANG_CXX_LANGUAGE_STANDARD = "gnu++14";
				CLANG_CXX_LIBRARY = "libc++";
				CLANG_ENABLE_MODULES = YES;
				CLANG_ENABLE_OBJC_ARC = YES;
				CLANG_ENABLE_OBJC_WEAK = YES;
				CLANG_WARN_BLOCK_CAPTURE_AUTORELEASING = YES;
				CLANG_WARN_BOOL_CONVERSION = YES;
				CLANG_WARN_COMMA = YES;
				CLANG_WARN_CONSTANT_CONVERSION = YES;
				CLANG_WARN_DEPRECATED_OBJC_IMPLEMENTATIONS = YES;
				CLANG_WARN_DIRECT_OBJC_ISA_USAGE = YES_ERROR;
				CLANG_WARN_DOCUMENTATION_COMMENTS = YES;
				CLANG_WARN_EMPTY_BODY = YES;
				CLANG_WARN_ENUM_CONVERSION = YES;
				CLANG_WARN_INFINITE_RECURSION = YES;
				CLANG_WARN_INT_CONVERSION = YES;
				CLANG_WARN_NON_LITERAL_NULL_CONVERSION = YES;
				CLANG_WARN_OBJC_IMPLICIT_RETAIN_SELF = YES;
				CLANG_WARN_OBJC_LITERAL_CONVERSION = YES;
				CLANG_WARN_OBJC_ROOT_CLASS = YES_ERROR;
				CLANG_WARN_RANGE_LOOP_ANALYSIS = YES;
				CLANG_WARN_STRICT_PROTOTYPES = YES;
				CLANG_WARN_SUSPICIOUS_MOVE = YES;
				CLANG_WARN_UNGUARDED_AVAILABILITY = YES_AGGRESSIVE;
				CLANG_WARN_UNREACHABLE_CODE = YES;
				CLANG_WARN__DUPLICATE_METHOD_MATCH = YES;
				CODE_SIGN_IDENTITY = "iPhone Developer";
				COPY_PHASE_STRIP = NO;
				DEBUG_INFORMATION_FORMAT = dwarf;
				ENABLE_STRICT_OBJC_MSGSEND = YES;
				ENABLE_TESTABILITY = YES;
				GCC_C_LANGUAGE_STANDARD = gnu11;
				GCC_DYNAMIC_NO_PIC = NO;
				GCC_NO_COMMON_BLOCKS = YES;
				GCC_OPTIMIZATION_LEVEL = 0;
				GCC_PREPROCESSOR_DEFINITIONS = (
					"DEBUG=1",
					"$(inherited)",
				);
				GCC_WARN_64_TO_32_BIT_CONVERSION = YES;
				GCC_WARN_ABOUT_RETURN_TYPE = YES_ERROR;
				GCC_WARN_UNDECLARED_SELECTOR = YES;
				GCC_WARN_UNINITIALIZED_AUTOS = YES_AGGRESSIVE;
				GCC_WARN_UNUSED_FUNCTION = YES;
				GCC_WARN_UNUSED_VARIABLE = YES;
				IPHONEOS_DEPLOYMENT_TARGET = 13.1;
				MTL_ENABLE_DEBUG_INFO = INCLUDE_SOURCE;
				MTL_FAST_MATH = YES;
				ONLY_ACTIVE_ARCH = YES;
				SDKROOT = iphoneos;
				SWIFT_ACTIVE_COMPILATION_CONDITIONS = DEBUG;
				SWIFT_OPTIMIZATION_LEVEL = "-Onone";
			};
			name = Debug;
		};
		66C14A4423958A5E00845B16 /* Release */ = {
			isa = XCBuildConfiguration;
			buildSettings = {
				ALWAYS_SEARCH_USER_PATHS = NO;
				CLANG_ANALYZER_NONNULL = YES;
				CLANG_ANALYZER_NUMBER_OBJECT_CONVERSION = YES_AGGRESSIVE;
				CLANG_CXX_LANGUAGE_STANDARD = "gnu++14";
				CLANG_CXX_LIBRARY = "libc++";
				CLANG_ENABLE_MODULES = YES;
				CLANG_ENABLE_OBJC_ARC = YES;
				CLANG_ENABLE_OBJC_WEAK = YES;
				CLANG_WARN_BLOCK_CAPTURE_AUTORELEASING = YES;
				CLANG_WARN_BOOL_CONVERSION = YES;
				CLANG_WARN_COMMA = YES;
				CLANG_WARN_CONSTANT_CONVERSION = YES;
				CLANG_WARN_DEPRECATED_OBJC_IMPLEMENTATIONS = YES;
				CLANG_WARN_DIRECT_OBJC_ISA_USAGE = YES_ERROR;
				CLANG_WARN_DOCUMENTATION_COMMENTS = YES;
				CLANG_WARN_EMPTY_BODY = YES;
				CLANG_WARN_ENUM_CONVERSION = YES;
				CLANG_WARN_INFINITE_RECURSION = YES;
				CLANG_WARN_INT_CONVERSION = YES;
				CLANG_WARN_NON_LITERAL_NULL_CONVERSION = YES;
				CLANG_WARN_OBJC_IMPLICIT_RETAIN_SELF = YES;
				CLANG_WARN_OBJC_LITERAL_CONVERSION = YES;
				CLANG_WARN_OBJC_ROOT_CLASS = YES_ERROR;
				CLANG_WARN_RANGE_LOOP_ANALYSIS = YES;
				CLANG_WARN_STRICT_PROTOTYPES = YES;
				CLANG_WARN_SUSPICIOUS_MOVE = YES;
				CLANG_WARN_UNGUARDED_AVAILABILITY = YES_AGGRESSIVE;
				CLANG_WARN_UNREACHABLE_CODE = YES;
				CLANG_WARN__DUPLICATE_METHOD_MATCH = YES;
				CODE_SIGN_IDENTITY = "iPhone Developer";
				COPY_PHASE_STRIP = NO;
				DEBUG_INFORMATION_FORMAT = "dwarf-with-dsym";
				ENABLE_NS_ASSERTIONS = NO;
				ENABLE_STRICT_OBJC_MSGSEND = YES;
				GCC_C_LANGUAGE_STANDARD = gnu11;
				GCC_NO_COMMON_BLOCKS = YES;
				GCC_WARN_64_TO_32_BIT_CONVERSION = YES;
				GCC_WARN_ABOUT_RETURN_TYPE = YES_ERROR;
				GCC_WARN_UNDECLARED_SELECTOR = YES;
				GCC_WARN_UNINITIALIZED_AUTOS = YES_AGGRESSIVE;
				GCC_WARN_UNUSED_FUNCTION = YES;
				GCC_WARN_UNUSED_VARIABLE = YES;
				IPHONEOS_DEPLOYMENT_TARGET = 13.1;
				MTL_ENABLE_DEBUG_INFO = NO;
				MTL_FAST_MATH = YES;
				SDKROOT = iphoneos;
				SWIFT_COMPILATION_MODE = wholemodule;
				SWIFT_OPTIMIZATION_LEVEL = "-O";
				VALIDATE_PRODUCT = YES;
			};
			name = Release;
		};
		66C14A4623958A5E00845B16 /* Debug */ = {
			isa = XCBuildConfiguration;
			buildSettings = {
				ASSETCATALOG_COMPILER_APPICON_NAME = AppIcon;
				CODE_SIGN_STYLE = Automatic;
				DEVELOPMENT_TEAM = VS8BQPMRV4;
				INFOPLIST_FILE = "FINAL Project/Info.plist";
				IPHONEOS_DEPLOYMENT_TARGET = 12.4;
				LD_RUNPATH_SEARCH_PATHS = (
					"$(inherited)",
					"@executable_path/Frameworks",
				);
				PRODUCT_BUNDLE_IDENTIFIER = "kathrine.FINAL-Project";
				PRODUCT_NAME = "$(TARGET_NAME)";
				SWIFT_VERSION = 5.0;
				TARGETED_DEVICE_FAMILY = 1;
			};
			name = Debug;
		};
		66C14A4723958A5E00845B16 /* Release */ = {
			isa = XCBuildConfiguration;
			buildSettings = {
				ASSETCATALOG_COMPILER_APPICON_NAME = AppIcon;
				CODE_SIGN_STYLE = Automatic;
				DEVELOPMENT_TEAM = VS8BQPMRV4;
				INFOPLIST_FILE = "FINAL Project/Info.plist";
				IPHONEOS_DEPLOYMENT_TARGET = 12.4;
				LD_RUNPATH_SEARCH_PATHS = (
					"$(inherited)",
					"@executable_path/Frameworks",
				);
				PRODUCT_BUNDLE_IDENTIFIER = "kathrine.FINAL-Project";
				PRODUCT_NAME = "$(TARGET_NAME)";
				SWIFT_VERSION = 5.0;
				TARGETED_DEVICE_FAMILY = 1;
			};
			name = Release;
		};
		66C14A4923958A5E00845B16 /* Debug */ = {
			isa = XCBuildConfiguration;
			buildSettings = {
				ALWAYS_EMBED_SWIFT_STANDARD_LIBRARIES = YES;
				BUNDLE_LOADER = "$(TEST_HOST)";
				CODE_SIGN_STYLE = Automatic;
				DEVELOPMENT_TEAM = VS8BQPMRV4;
				INFOPLIST_FILE = "FINAL ProjectTests/Info.plist";
				IPHONEOS_DEPLOYMENT_TARGET = 12.4;
				LD_RUNPATH_SEARCH_PATHS = (
					"$(inherited)",
					"@executable_path/Frameworks",
					"@loader_path/Frameworks",
				);
				PRODUCT_BUNDLE_IDENTIFIER = "kathrine.FINAL-ProjectTests";
				PRODUCT_NAME = "$(TARGET_NAME)";
				SWIFT_VERSION = 5.0;
				TARGETED_DEVICE_FAMILY = "1,2";
				TEST_HOST = "$(BUILT_PRODUCTS_DIR)/FINAL Project.app/FINAL Project";
			};
			name = Debug;
		};
		66C14A4A23958A5E00845B16 /* Release */ = {
			isa = XCBuildConfiguration;
			buildSettings = {
				ALWAYS_EMBED_SWIFT_STANDARD_LIBRARIES = YES;
				BUNDLE_LOADER = "$(TEST_HOST)";
				CODE_SIGN_STYLE = Automatic;
				DEVELOPMENT_TEAM = VS8BQPMRV4;
				INFOPLIST_FILE = "FINAL ProjectTests/Info.plist";
				IPHONEOS_DEPLOYMENT_TARGET = 12.4;
				LD_RUNPATH_SEARCH_PATHS = (
					"$(inherited)",
					"@executable_path/Frameworks",
					"@loader_path/Frameworks",
				);
				PRODUCT_BUNDLE_IDENTIFIER = "kathrine.FINAL-ProjectTests";
				PRODUCT_NAME = "$(TARGET_NAME)";
				SWIFT_VERSION = 5.0;
				TARGETED_DEVICE_FAMILY = "1,2";
				TEST_HOST = "$(BUILT_PRODUCTS_DIR)/FINAL Project.app/FINAL Project";
			};
			name = Release;
		};
/* End XCBuildConfiguration section */

/* Begin XCConfigurationList section */
		66C14A2023958A5C00845B16 /* Build configuration list for PBXProject "FINAL Project" */ = {
			isa = XCConfigurationList;
			buildConfigurations = (
				66C14A4323958A5E00845B16 /* Debug */,
				66C14A4423958A5E00845B16 /* Release */,
			);
			defaultConfigurationIsVisible = 0;
			defaultConfigurationName = Release;
		};
		66C14A4523958A5E00845B16 /* Build configuration list for PBXNativeTarget "FINAL Project" */ = {
			isa = XCConfigurationList;
			buildConfigurations = (
				66C14A4623958A5E00845B16 /* Debug */,
				66C14A4723958A5E00845B16 /* Release */,
			);
			defaultConfigurationIsVisible = 0;
			defaultConfigurationName = Release;
		};
		66C14A4823958A5E00845B16 /* Build configuration list for PBXNativeTarget "FINAL ProjectTests" */ = {
			isa = XCConfigurationList;
			buildConfigurations = (
				66C14A4923958A5E00845B16 /* Debug */,
				66C14A4A23958A5E00845B16 /* Release */,
			);
			defaultConfigurationIsVisible = 0;
			defaultConfigurationName = Release;
		};
/* End XCConfigurationList section */

/* Begin XCVersionGroup section */
		660EC85423980A6E0051A575 /* Wi_Fi_Map.xcdatamodeld */ = {
			isa = XCVersionGroup;
			children = (
				660EC85523980A6E0051A575 /* FINAL_Project.xcdatamodel */,
			);
			currentVersion = 660EC85523980A6E0051A575 /* FINAL_Project.xcdatamodel */;
			path = Wi_Fi_Map.xcdatamodeld;
			sourceTree = "<group>";
			versionGroupType = wrapper.xcdatamodel;
		};
/* End XCVersionGroup section */
	};
	rootObject = 66C14A1D23958A5C00845B16 /* Project object */;
}
